
Microsoft Visual Studio Solution File, Format Version 12.00
# Visual Studio 2010
Project("{FAE04EC0-301F-11D3-BF4B-00C04F79EFBC}") = "studyplaner", "studyplaner\studyplaner.csproj", "{31DCCD33-5CA7-4FF8-BBBC-F1CFEB7BADB6}"
EndProject
Project("{FAE04EC0-301F-11D3-BF4B-00C04F79EFBC}") = "StudyPlaner.alt", "StudyPlaner_alt\StudyPlaner.alt.csproj", "{0B67BFAF-3DC7-40C8-A12C-F4E5A901995F}"
EndProject
Project("{2150E333-8FDC-42A3-9474-1A3956D46DE8}") = "Solution Items", "Solution Items", "{35B1E00E-261A-4692-A447-6CB83E0D0E88}"
EndProject
Global
	GlobalSection(SolutionConfigurationPlatforms) = preSolution
		Debug|x86 = Debug|x86
		Release|x86 = Release|x86
	EndGlobalSection
	GlobalSection(ProjectConfigurationPlatforms) = postSolution
		{31DCCD33-5CA7-4FF8-BBBC-F1CFEB7BADB6}.Debug|x86.ActiveCfg = Debug|x86
		{31DCCD33-5CA7-4FF8-BBBC-F1CFEB7BADB6}.Debug|x86.Build.0 = Debug|x86
		{31DCCD33-5CA7-4FF8-BBBC-F1CFEB7BADB6}.Release|x86.ActiveCfg = Release|x86
		{31DCCD33-5CA7-4FF8-BBBC-F1CFEB7BADB6}.Release|x86.Build.0 = Release|x86
		{0B67BFAF-3DC7-40C8-A12C-F4E5A901995F}.Debug|x86.ActiveCfg = Debug|x86
		{0B67BFAF-3DC7-40C8-A12C-F4E5A901995F}.Debug|x86.Build.0 = Debug|x86
		{0B67BFAF-3DC7-40C8-A12C-F4E5A901995F}.Release|x86.ActiveCfg = Release|x86
		{0B67BFAF-3DC7-40C8-A12C-F4E5A901995F}.Release|x86.Build.0 = Release|x86
	EndGlobalSection
	GlobalSection(SolutionProperties) = preSolution
		HideSolutionNode = FALSE
	EndGlobalSection
EndGlobal
